{
  "name": "reactive-storage",
  "version": "1.0.0",
  "lockfileVersion": 1,
  "requires": true,
  "dependencies": {
    "object-observer": {
      "version": "2.5.0",
      "resolved": "https://registry.npmjs.org/object-observer/-/object-observer-2.5.0.tgz",
      "integrity": "sha512-henVlx1QO2es6jSytmGQW0FfnQX/sSxmgvFn26UJ2nZwAxYk1qDFMeGA7eEIjUBxBt5/r0cNIRc2w2pv528kLA=="
    }
  }
}
